
Microsoft Visual Studio Solution File, Format Version 12.00
# Visual Studio Version 16
VisualStudioVersion = 16.0.33130.400
MinimumVisualStudioVersion = 10.0.40219.1
Project("{8BC9CEB8-8B4A-11D0-8D11-00A0C91BC942}") = "Leventure_DevelopKey", "Leventure_DevelopKey\Leventure_DevelopKey.vcxproj", "{8ED4328E-C607-4C60-BB11-95E7530D2881}"
EndProject
Global
	GlobalSection(SolutionConfigurationPlatforms) = preSolution
		Debug|Any CPU = Debug|Any CPU
		Debug|x86 = Debug|x86
		Release|Any CPU = Release|Any CPU
		Release|x86 = Release|x86
	EndGlobalSection
	GlobalSection(ProjectConfigurationPlatforms) = postSolution
		{8ED4328E-C607-4C60-BB11-95E7530D2881}.Debug|Any CPU.ActiveCfg = Debug|Win32
		{8ED4328E-C607-4C60-BB11-95E7530D2881}.Debug|x86.ActiveCfg = Debug|Win32
		{8ED4328E-C607-4C60-BB11-95E7530D2881}.Debug|x86.Build.0 = Debug|Win32
		{8ED4328E-C607-4C60-BB11-95E7530D2881}.Release|Any CPU.ActiveCfg = Release|Win32
		{8ED4328E-C607-4C60-BB11-95E7530D2881}.Release|x86.ActiveCfg = Release|Win32
		{8ED4328E-C607-4C60-BB11-95E7530D2881}.Release|x86.Build.0 = Release|Win32
	EndGlobalSection
	GlobalSection(SolutionProperties) = preSolution
		HideSolutionNode = FALSE
	EndGlobalSection
	GlobalSection(ExtensibilityGlobals) = postSolution
		SolutionGuid = {14EC8406-1158-44D9-B148-FF525AD196A4}
	EndGlobalSection
EndGlobal
